
Microsoft Visual Studio Solution File, Format Version 12.00
# Visual Studio 15
VisualStudioVersion = 15.0.27703.2026
MinimumVisualStudioVersion = 10.0.40219.1
Project("{FAE04EC0-301F-11D3-BF4B-00C04F79EFBC}") = "GeoHash", "GeoHash\GeoHash.csproj", "{1D7A66E9-4C10-48CB-A4F9-B964D6814336}"
EndProject
Project("{FAE04EC0-301F-11D3-BF4B-00C04F79EFBC}") = "GeoHash.Test", "GeoHash.Test\GeoHash.Test.csproj", "{924A2474-FA63-46B3-A1C0-9697425AA04B}"
EndProject
Global
	GlobalSection(SolutionConfigurationPlatforms) = preSolution
		Debug|Any CPU = Debug|Any CPU
		Release|Any CPU = Release|Any CPU
	EndGlobalSection
	GlobalSection(ProjectConfigurationPlatforms) = postSolution
		{1D7A66E9-4C10-48CB-A4F9-B964D6814336}.Debug|Any CPU.ActiveCfg = Debug|Any CPU
		{1D7A66E9-4C10-48CB-A4F9-B964D6814336}.Debug|Any CPU.Build.0 = Debug|Any CPU
		{1D7A66E9-4C10-48CB-A4F9-B964D6814336}.Release|Any CPU.ActiveCfg = Release|Any CPU
		{1D7A66E9-4C10-48CB-A4F9-B964D6814336}.Release|Any CPU.Build.0 = Release|Any CPU
		{924A2474-FA63-46B3-A1C0-9697425AA04B}.Debug|Any CPU.ActiveCfg = Debug|Any CPU
		{924A2474-FA63-46B3-A1C0-9697425AA04B}.Debug|Any CPU.Build.0 = Debug|Any CPU
		{924A2474-FA63-46B3-A1C0-9697425AA04B}.Release|Any CPU.ActiveCfg = Release|Any CPU
		{924A2474-FA63-46B3-A1C0-9697425AA04B}.Release|Any CPU.Build.0 = Release|Any CPU
	EndGlobalSection
	GlobalSection(SolutionProperties) = preSolution
		HideSolutionNode = FALSE
	EndGlobalSection
	GlobalSection(ExtensibilityGlobals) = postSolution
		SolutionGuid = {4671943B-5BB6-4886-ACC6-F017CCB2B9EA}
	EndGlobalSection
EndGlobal
